# This file is generated by running "yarn install" inside your project.
# Manual changes might be lost - proceed with caution!

__metadata:
  version: 6
  cacheKey: 8

"@ctrl/tinycolor@npm:^3.5.0":
  version: 3.6.1
  resolution: "@ctrl/tinycolor@npm:3.6.1"
  checksum: cefec6fcaaa3eb8ddf193f981e097dccf63b97b93b1e861cb18c645654824c831a568f444996e15ee509f255658ed82fba11c5365494a6e25b9b12ac454099e0
  languageName: node
  linkType: hard

"@esbuild/android-arm64@npm:0.19.3":
  version: 0.19.3
  resolution: "@esbuild/android-arm64@npm:0.19.3"
  conditions: os=android & cpu=arm64
  languageName: node
  linkType: hard

"@esbuild/android-arm@npm:0.19.3":
  version: 0.19.3
  resolution: "@esbuild/android-arm@npm:0.19.3"
  conditions: os=android & cpu=arm
  languageName: node
  linkType: hard

"@esbuild/android-x64@npm:0.19.3":
  version: 0.19.3
  resolution: "@esbuild/android-x64@npm:0.19.3"
  conditions: os=android & cpu=x64
  languageName: node
  linkType: hard

"@esbuild/darwin-arm64@npm:0.19.3":
  version: 0.19.3
  resolution: "@esbuild/darwin-arm64@npm:0.19.3"
  conditions: os=darwin & cpu=arm64
  languageName: node
  linkType: hard

"@esbuild/darwin-x64@npm:0.19.3":
  version: 0.19.3
  resolution: "@esbuild/darwin-x64@npm:0.19.3"
  conditions: os=darwin & cpu=x64
  languageName: node
  linkType: hard

"@esbuild/freebsd-arm64@npm:0.19.3":
  version: 0.19.3
  resolution: "@esbuild/freebsd-arm64@npm:0.19.3"
  conditions: os=freebsd & cpu=arm64
  languageName: node
  linkType: hard

"@esbuild/freebsd-x64@npm:0.19.3":
  version: 0.19.3
  resolution: "@esbuild/freebsd-x64@npm:0.19.3"
  conditions: os=freebsd & cpu=x64
  languageName: node
  linkType: hard

"@esbuild/linux-arm64@npm:0.19.3":
  version: 0.19.3
  resolution: "@esbuild/linux-arm64@npm:0.19.3"
  conditions: os=linux & cpu=arm64
  languageName: node
  linkType: hard

"@esbuild/linux-arm@npm:0.19.3":
  version: 0.19.3
  resolution: "@esbuild/linux-arm@npm:0.19.3"
  conditions: os=linux & cpu=arm
  languageName: node
  linkType: hard

"@esbuild/linux-ia32@npm:0.19.3":
  version: 0.19.3
  resolution: "@esbuild/linux-ia32@npm:0.19.3"
  conditions: os=linux & cpu=ia32
  languageName: node
  linkType: hard

"@esbuild/linux-loong64@npm:0.19.3":
  version: 0.19.3
  resolution: "@esbuild/linux-loong64@npm:0.19.3"
  conditions: os=linux & cpu=loong64
  languageName: node
  linkType: hard

"@esbuild/linux-mips64el@npm:0.19.3":
  version: 0.19.3
  resolution: "@esbuild/linux-mips64el@npm:0.19.3"
  conditions: os=linux & cpu=mips64el
  languageName: node
  linkType: hard

"@esbuild/linux-ppc64@npm:0.19.3":
  version: 0.19.3
  resolution: "@esbuild/linux-ppc64@npm:0.19.3"
  conditions: os=linux & cpu=ppc64
  languageName: node
  linkType: hard

"@esbuild/linux-riscv64@npm:0.19.3":
  version: 0.19.3
  resolution: "@esbuild/linux-riscv64@npm:0.19.3"
  conditions: os=linux & cpu=riscv64
  languageName: node
  linkType: hard

"@esbuild/linux-s390x@npm:0.19.3":
  version: 0.19.3
  resolution: "@esbuild/linux-s390x@npm:0.19.3"
  conditions: os=linux & cpu=s390x
  languageName: node
  linkType: hard

"@esbuild/linux-x64@npm:0.19.3":
  version: 0.19.3
  resolution: "@esbuild/linux-x64@npm:0.19.3"
  conditions: os=linux & cpu=x64
  languageName: node
  linkType: hard

"@esbuild/netbsd-x64@npm:0.19.3":
  version: 0.19.3
  resolution: "@esbuild/netbsd-x64@npm:0.19.3"
  conditions: os=netbsd & cpu=x64
  languageName: node
  linkType: hard

"@esbuild/openbsd-x64@npm:0.19.3":
  version: 0.19.3
  resolution: "@esbuild/openbsd-x64@npm:0.19.3"
  conditions: os=openbsd & cpu=x64
  languageName: node
  linkType: hard

"@esbuild/sunos-x64@npm:0.19.3":
  version: 0.19.3
  resolution: "@esbuild/sunos-x64@npm:0.19.3"
  conditions: os=sunos & cpu=x64
  languageName: node
  linkType: hard

"@esbuild/win32-arm64@npm:0.19.3":
  version: 0.19.3
  resolution: "@esbuild/win32-arm64@npm:0.19.3"
  conditions: os=win32 & cpu=arm64
  languageName: node
  linkType: hard

"@esbuild/win32-ia32@npm:0.19.3":
  version: 0.19.3
  resolution: "@esbuild/win32-ia32@npm:0.19.3"
  conditions: os=win32 & cpu=ia32
  languageName: node
  linkType: hard

"@esbuild/win32-x64@npm:0.19.3":
  version: 0.19.3
  resolution: "@esbuild/win32-x64@npm:0.19.3"
  conditions: os=win32 & cpu=x64
  languageName: node
  linkType: hard

"@floating-ui/core@npm:^1.4.2":
  version: 1.5.0
  resolution: "@floating-ui/core@npm:1.5.0"
  dependencies:
    "@floating-ui/utils": ^0.1.3
  checksum: 54b4fe26b3c228746ac5589f97303abf158b80aa5f8b99027259decd68d1c2030c4c637648ebd33dfe78a4212699453bc2bd7537fd5a594d3bd3e63d362f666f
  languageName: node
  linkType: hard

"@floating-ui/dom@npm:^1.2.1":
  version: 1.5.3
  resolution: "@floating-ui/dom@npm:1.5.3"
  dependencies:
    "@floating-ui/core": ^1.4.2
    "@floating-ui/utils": ^0.1.3
  checksum: 00053742064aac70957f0bd5c1542caafb3bfe9716588bfe1d409fef72a67ed5e60450d08eb492a77f78c22ed1ce4f7955873cc72bf9f9caf2b0f43ae3561c21
  languageName: node
  linkType: hard

"@floating-ui/utils@npm:^0.1.3":
  version: 0.1.4
  resolution: "@floating-ui/utils@npm:0.1.4"
  checksum: e6195ded5b3a6fd38411a833605184c31f24609b08feab2615e90ccc063bf4d3965383d817642fc7e8ca5ab6a54c29c71103e874f3afb0518595c8bd3390ba16
  languageName: node
  linkType: hard

"@lit-labs/react@npm:^2.0.1":
  version: 2.0.3
  resolution: "@lit-labs/react@npm:2.0.3"
  peerDependencies:
    "@types/react": 17 || 18
  checksum: d086382c7fd1a46b178bfac4ef7b657381efa8c4b2c79a159706caa77b0b0cb91929c1e633f0d8da93e2e27767a1326176eb4ce370e7891dd84cca56a9c04b4e
  languageName: node
  linkType: hard

"@lit-labs/ssr-dom-shim@npm:^1.0.0, @lit-labs/ssr-dom-shim@npm:^1.1.0":
  version: 1.1.1
  resolution: "@lit-labs/ssr-dom-shim@npm:1.1.1"
  checksum: 7a7add78e3ee570a7b987b9bf85e700b20d35d31c8b54cf4c8b2e3c8458ed4e2b0ff328706e5be7887f0ca8a02878c186e76609defb78f0d1b3c0e6b47c9f6ef
  languageName: node
  linkType: hard

"@lit/reactive-element@npm:^1.3.0, @lit/reactive-element@npm:^1.6.0":
  version: 1.6.3
  resolution: "@lit/reactive-element@npm:1.6.3"
  dependencies:
    "@lit-labs/ssr-dom-shim": ^1.0.0
  checksum: 79b58631c38effeabad090070324431da8a22cf0ff665f5e4de35e4d791f984742b3d340c9c7fce996d1124a8da95febc582471b4c237236c770b1300b56ef6e
  languageName: node
  linkType: hard

"@shoelace-style/animations@npm:^1.1.0":
  version: 1.1.0
  resolution: "@shoelace-style/animations@npm:1.1.0"
  checksum: 65a9782d27c4e295501298a033d6e102c7dcec7d71a906eeec7bfee7421156a7d7b5bde1f09d586d6efe55212233a6c134f38e70bb3a9b2de247a5e11ddb221e
  languageName: node
  linkType: hard

"@shoelace-style/localize@npm:^3.1.1":
  version: 3.1.1
  resolution: "@shoelace-style/localize@npm:3.1.1"
  checksum: 15ab3b1c4518b05faf4a6749dcb899de0643ffc718b132ecd0f1114c5f06e567032333b2929a64e608814abf149034581c8c379dfef775568d1a0d2d67e22657
  languageName: node
  linkType: hard

"@shoelace-style/shoelace@npm:^2.8.0":
  version: 2.8.0
  resolution: "@shoelace-style/shoelace@npm:2.8.0"
  dependencies:
    "@ctrl/tinycolor": ^3.5.0
    "@floating-ui/dom": ^1.2.1
    "@lit-labs/react": ^2.0.1
    "@shoelace-style/animations": ^1.1.0
    "@shoelace-style/localize": ^3.1.1
    composed-offset-position: ^0.0.4
    lit: ^2.7.5
    qr-creator: ^1.0.0
  checksum: c585bf76cb3aece793080329937e8baa746b6e5d32c1c6f2d1c5f3d37b08920b1b74457fcced3d2a44ef239094564a7587bc484ff3fef4e0d495f72e48d0a5e9
  languageName: node
  linkType: hard

"@types/trusted-types@npm:^2.0.2":
  version: 2.0.4
  resolution: "@types/trusted-types@npm:2.0.4"
  checksum: 5256c4576cd1c90d33ddd9cc9cbd4f202b39c98cbe8b7f74963298f9eb2159c285ea5c25a6181b4c594d8d75641765bff85d72c2d251ad076e6529ce0eeedd1c
  languageName: node
  linkType: hard

"composed-offset-position@npm:^0.0.4":
  version: 0.0.4
  resolution: "composed-offset-position@npm:0.0.4"
  checksum: a95ce7604025cbc1e37d3a836198bcad1b1c66620a480dac373afa1c801f128ca65f108f89548fa81d1d8daf873f1f1bc49f1d74a1784a28768beca15454b0a6
  languageName: node
  linkType: hard

"esbuild@npm:^0.19.3":
  version: 0.19.3
  resolution: "esbuild@npm:0.19.3"
  dependencies:
    "@esbuild/android-arm": 0.19.3
    "@esbuild/android-arm64": 0.19.3
    "@esbuild/android-x64": 0.19.3
    "@esbuild/darwin-arm64": 0.19.3
    "@esbuild/darwin-x64": 0.19.3
    "@esbuild/freebsd-arm64": 0.19.3
    "@esbuild/freebsd-x64": 0.19.3
    "@esbuild/linux-arm": 0.19.3
    "@esbuild/linux-arm64": 0.19.3
    "@esbuild/linux-ia32": 0.19.3
    "@esbuild/linux-loong64": 0.19.3
    "@esbuild/linux-mips64el": 0.19.3
    "@esbuild/linux-ppc64": 0.19.3
    "@esbuild/linux-riscv64": 0.19.3
    "@esbuild/linux-s390x": 0.19.3
    "@esbuild/linux-x64": 0.19.3
    "@esbuild/netbsd-x64": 0.19.3
    "@esbuild/openbsd-x64": 0.19.3
    "@esbuild/sunos-x64": 0.19.3
    "@esbuild/win32-arm64": 0.19.3
    "@esbuild/win32-ia32": 0.19.3
    "@esbuild/win32-x64": 0.19.3
  dependenciesMeta:
    "@esbuild/android-arm":
      optional: true
    "@esbuild/android-arm64":
      optional: true
    "@esbuild/android-x64":
      optional: true
    "@esbuild/darwin-arm64":
      optional: true
    "@esbuild/darwin-x64":
      optional: true
    "@esbuild/freebsd-arm64":
      optional: true
    "@esbuild/freebsd-x64":
      optional: true
    "@esbuild/linux-arm":
      optional: true
    "@esbuild/linux-arm64":
      optional: true
    "@esbuild/linux-ia32":
      optional: true
    "@esbuild/linux-loong64":
      optional: true
    "@esbuild/linux-mips64el":
      optional: true
    "@esbuild/linux-ppc64":
      optional: true
    "@esbuild/linux-riscv64":
      optional: true
    "@esbuild/linux-s390x":
      optional: true
    "@esbuild/linux-x64":
      optional: true
    "@esbuild/netbsd-x64":
      optional: true
    "@esbuild/openbsd-x64":
      optional: true
    "@esbuild/sunos-x64":
      optional: true
    "@esbuild/win32-arm64":
      optional: true
    "@esbuild/win32-ia32":
      optional: true
    "@esbuild/win32-x64":
      optional: true
  bin:
    esbuild: bin/esbuild
  checksum: f998ba82b1bbf0f3036201dc2cb94f92aff887b7552738ea3e4dd6f386f87740ef76aabae2fc1c4b91a519354d390f6d9fd89eb71e26882983f6fbaf75369206
  languageName: node
  linkType: hard

"lit-element@npm:^3.3.0":
  version: 3.3.3
  resolution: "lit-element@npm:3.3.3"
  dependencies:
    "@lit-labs/ssr-dom-shim": ^1.1.0
    "@lit/reactive-element": ^1.3.0
    lit-html: ^2.8.0
  checksum: 29a596fa556e231cce7246ca3e5687ad238f299b0cb374a0934d5e6fe9adf1436e031d4fbd21b280aabfc0e21a66e6c4b52da558a908df2566d09d960f3ca93d
  languageName: node
  linkType: hard

"lit-html@npm:^2.8.0":
  version: 2.8.0
  resolution: "lit-html@npm:2.8.0"
  dependencies:
    "@types/trusted-types": ^2.0.2
  checksum: 2d70df07248bcb2f502a3afb1e91d260735024fa669669ffb1417575aa39c3092779725ac1b90f5f39e4ce78c63f431f51176bc67f532389f0285a6991573255
  languageName: node
  linkType: hard

"lit@npm:^2.7.5":
  version: 2.8.0
  resolution: "lit@npm:2.8.0"
  dependencies:
    "@lit/reactive-element": ^1.6.0
    lit-element: ^3.3.0
    lit-html: ^2.8.0
  checksum: 2480e733f7d022d3ecba91abc58a20968f0ca8f5fa30b3341ecf4bcf4845e674ad27b721a5ae53529cafc6ca603c015b80d0979ceb7a711e268ef20bb6bc7527
  languageName: node
  linkType: hard

"qr-creator@npm:^1.0.0":
  version: 1.0.0
  resolution: "qr-creator@npm:1.0.0"
  checksum: 64d2c67493eef1d5a165ba0017e10bc2d36f4964676e886a6bcc0b2cee686ce92727d2964f81744511af44052e34c93c184b18eefe0adefa933957ad2dcb14a1
  languageName: node
  linkType: hard

"shoelace-bug@workspace:.":
  version: 0.0.0-use.local
  resolution: "shoelace-bug@workspace:."
  dependencies:
    "@shoelace-style/shoelace": ^2.8.0
    esbuild: ^0.19.3
  languageName: unknown
  linkType: soft
